{
  "name": "black-dashboard",
  "version": "1.0.0",
  "lockfileVersion": 1,
  "requires": true,
  "dependencies": {
    "cryptocurrency-icons": {
      "version": "0.8.1",
      "resolved": "https://registry.npmjs.org/cryptocurrency-icons/-/cryptocurrency-icons-0.8.1.tgz",
      "integrity": "sha512-EX8174hn9+1sRG654SG0AXzIEfwNMrxt2DPtY67AWpItrMhXAgqOO27s3sNAdMVo1yuMHisEw6NK3ToURYvVqg=="
    }
  }
}
